
Microsoft Visual Studio Solution File, Format Version 12.00
# Visual Studio Version 16
VisualStudioVersion = 16.0.32413.511
MinimumVisualStudioVersion = 10.0.40219.1
Project("{FAE04EC0-301F-11D3-BF4B-00C04F79EFBC}") = "NetSatis.BackOffice", "NetSatis.BackOffice\NetSatis.BackOffice.csproj", "{2908CEAE-05A8-421D-9425-6206863271BA}"
EndProject
Project("{FAE04EC0-301F-11D3-BF4B-00C04F79EFBC}") = "NetSatis.FrontOffice", "NetSatis.FrontOffice\NetSatis.FrontOffice.csproj", "{595A055A-7C2A-4266-8B7F-DE47A65FB38B}"
EndProject
Project("{FAE04EC0-301F-11D3-BF4B-00C04F79EFBC}") = "Entitiess", "Entitiess\Entitiess.csproj", "{65016DBC-CE57-4BEC-8E55-966582BCA23C}"
EndProject
Global
	GlobalSection(SolutionConfigurationPlatforms) = preSolution
		Debug|Any CPU = Debug|Any CPU
		Release|Any CPU = Release|Any CPU
	EndGlobalSection
	GlobalSection(ProjectConfigurationPlatforms) = postSolution
		{2908CEAE-05A8-421D-9425-6206863271BA}.Debug|Any CPU.ActiveCfg = Debug|Any CPU
		{2908CEAE-05A8-421D-9425-6206863271BA}.Debug|Any CPU.Build.0 = Debug|Any CPU
		{2908CEAE-05A8-421D-9425-6206863271BA}.Release|Any CPU.ActiveCfg = Release|Any CPU
		{2908CEAE-05A8-421D-9425-6206863271BA}.Release|Any CPU.Build.0 = Release|Any CPU
		{595A055A-7C2A-4266-8B7F-DE47A65FB38B}.Debug|Any CPU.ActiveCfg = Debug|Any CPU
		{595A055A-7C2A-4266-8B7F-DE47A65FB38B}.Debug|Any CPU.Build.0 = Debug|Any CPU
		{595A055A-7C2A-4266-8B7F-DE47A65FB38B}.Release|Any CPU.ActiveCfg = Release|Any CPU
		{595A055A-7C2A-4266-8B7F-DE47A65FB38B}.Release|Any CPU.Build.0 = Release|Any CPU
		{65016DBC-CE57-4BEC-8E55-966582BCA23C}.Debug|Any CPU.ActiveCfg = Debug|Any CPU
		{65016DBC-CE57-4BEC-8E55-966582BCA23C}.Debug|Any CPU.Build.0 = Debug|Any CPU
		{65016DBC-CE57-4BEC-8E55-966582BCA23C}.Release|Any CPU.ActiveCfg = Release|Any CPU
		{65016DBC-CE57-4BEC-8E55-966582BCA23C}.Release|Any CPU.Build.0 = Release|Any CPU
	EndGlobalSection
	GlobalSection(SolutionProperties) = preSolution
		HideSolutionNode = FALSE
	EndGlobalSection
	GlobalSection(ExtensibilityGlobals) = postSolution
		SolutionGuid = {1E8A273D-C14B-49B8-9132-F7F7ABA2923C}
	EndGlobalSection
EndGlobal
